// !$*UTF8*$!
{
	archiveVersion = 1;
	classes = {
	};
	objectVersion = 55;
	objects = {

/* Begin PBXBuildFile section */
		2C1D9790292283B60054DD28 /* TodoCell.swift in Sources */ = {isa = PBXBuildFile; fileRef = 2C1D978F292283B60054DD28 /* TodoCell.swift */; };
		2C1D9792292283E90054DD28 /* TaskViewModel.swift in Sources */ = {isa = PBXBuildFile; fileRef = 2C1D9791292283E90054DD28 /* TaskViewModel.swift */; };
		2C1D97942922913D0054DD28 /* TodoHeaderView.swift in Sources */ = {isa = PBXBuildFile; fileRef = 2C1D97932922913D0054DD28 /* TodoHeaderView.swift */; };
		2C1D97972923D2250054DD28 /* Todo.swift in Sources */ = {isa = PBXBuildFile; fileRef = 2C1D97962923D2250054DD28 /* Todo.swift */; };
		2C1D979A2923D29A0054DD28 /* TodoManager.swift in Sources */ = {isa = PBXBuildFile; fileRef = 2C1D97992923D2990054DD28 /* TodoManager.swift */; };
		2C969F99292272C4005D8564 /* TaskViewController.swift in Sources */ = {isa = PBXBuildFile; fileRef = 2C969F98292272C4005D8564 /* TaskViewController.swift */; };
		2C969F9B292272E9005D8564 /* AppTabBarController.swift in Sources */ = {isa = PBXBuildFile; fileRef = 2C969F9A292272E9005D8564 /* AppTabBarController.swift */; };
		2C969F9D292274CD005D8564 /* SettingViewController.swift in Sources */ = {isa = PBXBuildFile; fileRef = 2C969F9C292274CD005D8564 /* SettingViewController.swift */; };
		2C969FA029227727005D8564 /* InputTextFieldView.swift in Sources */ = {isa = PBXBuildFile; fileRef = 2C969F9F29227727005D8564 /* InputTextFieldView.swift */; };
		2CC5804229195176004A5358 /* AppDelegate.swift in Sources */ = {isa = PBXBuildFile; fileRef = 2CC5804129195176004A5358 /* AppDelegate.swift */; };
		2CC5804429195176004A5358 /* SceneDelegate.swift in Sources */ = {isa = PBXBuildFile; fileRef = 2CC5804329195176004A5358 /* SceneDelegate.swift */; };
		2CC5804C29195176004A5358 /* TodoListExample_RxSwift.xcdatamodeld in Sources */ = {isa = PBXBuildFile; fileRef = 2CC5804A29195176004A5358 /* TodoListExample_RxSwift.xcdatamodeld */; };
		2CC5804E29195178004A5358 /* Assets.xcassets in Resources */ = {isa = PBXBuildFile; fileRef = 2CC5804D29195178004A5358 /* Assets.xcassets */; };
		2CC5805129195178004A5358 /* LaunchScreen.storyboard in Resources */ = {isa = PBXBuildFile; fileRef = 2CC5804F29195178004A5358 /* LaunchScreen.storyboard */; };
		2CC5805C29195178004A5358 /* TodoListExample_RxSwiftTests.swift in Sources */ = {isa = PBXBuildFile; fileRef = 2CC5805B29195178004A5358 /* TodoListExample_RxSwiftTests.swift */; };
		2CC5806629195178004A5358 /* TodoListExample_RxSwiftUITests.swift in Sources */ = {isa = PBXBuildFile; fileRef = 2CC5806529195178004A5358 /* TodoListExample_RxSwiftUITests.swift */; };
		2CC5806829195178004A5358 /* TodoListExample_RxSwiftUITestsLaunchTests.swift in Sources */ = {isa = PBXBuildFile; fileRef = 2CC5806729195178004A5358 /* TodoListExample_RxSwiftUITestsLaunchTests.swift */; };
		69B35C8B0E552F2EE1D6B1FA /* Pods_TodoListExample_RxSwift.framework in Frameworks */ = {isa = PBXBuildFile; fileRef = B276150886B8CB6CD6D9D521 /* Pods_TodoListExample_RxSwift.framework */; };
/* End PBXBuildFile section */

/* Begin PBXContainerItemProxy section */
		2CC5805829195178004A5358 /* PBXContainerItemProxy */ = {
			isa = PBXContainerItemProxy;
			containerPortal = 2CC5803629195176004A5358 /* Project object */;
			proxyType = 1;
			remoteGlobalIDString = 2CC5803D29195176004A5358;
			remoteInfo = TodoListExample_RxSwift;
		};
		2CC5806229195178004A5358 /* PBXContainerItemProxy */ = {
			isa = PBXContainerItemProxy;
			containerPortal = 2CC5803629195176004A5358 /* Project object */;
			proxyType = 1;
			remoteGlobalIDString = 2CC5803D29195176004A5358;
			remoteInfo = TodoListExample_RxSwift;
		};
/* End PBXContainerItemProxy section */

/* Begin PBXFileReference section */
		1845A7028E5880F953096490 /* Pods-TodoListExample_RxSwift.debug.xcconfig */ = {isa = PBXFileReference; includeInIndex = 1; lastKnownFileType = text.xcconfig; name = "Pods-TodoListExample_RxSwift.debug.xcconfig"; path = "Target Support Files/Pods-TodoListExample_RxSwift/Pods-TodoListExample_RxSwift.debug.xcconfig"; sourceTree = "<group>"; };
		2C1D978F292283B60054DD28 /* TodoCell.swift */ = {isa = PBXFileReference; lastKnownFileType = sourcecode.swift; path = TodoCell.swift; sourceTree = "<group>"; };
		2C1D9791292283E90054DD28 /* TaskViewModel.swift */ = {isa = PBXFileReference; lastKnownFileType = sourcecode.swift; path = TaskViewModel.swift; sourceTree = "<group>"; };
		2C1D97932922913D0054DD28 /* TodoHeaderView.swift */ = {isa = PBXFileReference; lastKnownFileType = sourcecode.swift; path = TodoHeaderView.swift; sourceTree = "<group>"; };
		2C1D97962923D2250054DD28 /* Todo.swift */ = {isa = PBXFileReference; lastKnownFileType = sourcecode.swift; path = Todo.swift; sourceTree = "<group>"; };
		2C1D97992923D2990054DD28 /* TodoManager.swift */ = {isa = PBXFileReference; lastKnownFileType = sourcecode.swift; path = TodoManager.swift; sourceTree = "<group>"; };
		2C969F98292272C4005D8564 /* TaskViewController.swift */ = {isa = PBXFileReference; lastKnownFileType = sourcecode.swift; path = TaskViewController.swift; sourceTree = "<group>"; };
		2C969F9A292272E9005D8564 /* AppTabBarController.swift */ = {isa = PBXFileReference; lastKnownFileType = sourcecode.swift; path = AppTabBarController.swift; sourceTree = "<group>"; };
		2C969F9C292274CD005D8564 /* SettingViewController.swift */ = {isa = PBXFileReference; lastKnownFileType = sourcecode.swift; path = SettingViewController.swift; sourceTree = "<group>"; };
		2C969F9F29227727005D8564 /* InputTextFieldView.swift */ = {isa = PBXFileReference; lastKnownFileType = sourcecode.swift; path = InputTextFieldView.swift; sourceTree = "<group>"; };
		2CC5803E29195176004A5358 /* TodoListExample_RxSwift.app */ = {isa = PBXFileReference; explicitFileType = wrapper.application; includeInIndex = 0; path = TodoListExample_RxSwift.app; sourceTree = BUILT_PRODUCTS_DIR; };
		2CC5804129195176004A5358 /* AppDelegate.swift */ = {isa = PBXFileReference; lastKnownFileType = sourcecode.swift; path = AppDelegate.swift; sourceTree = "<group>"; };
		2CC5804329195176004A5358 /* SceneDelegate.swift */ = {isa = PBXFileReference; lastKnownFileType = sourcecode.swift; path = SceneDelegate.swift; sourceTree = "<group>"; };
		2CC5804B29195176004A5358 /* TodoListExample_RxSwift.xcdatamodel */ = {isa = PBXFileReference; lastKnownFileType = wrapper.xcdatamodel; path = TodoListExample_RxSwift.xcdatamodel; sourceTree = "<group>"; };
		2CC5804D29195178004A5358 /* Assets.xcassets */ = {isa = PBXFileReference; lastKnownFileType = folder.assetcatalog; path = Assets.xcassets; sourceTree = "<group>"; };
		2CC5805029195178004A5358 /* Base */ = {isa = PBXFileReference; lastKnownFileType = file.storyboard; name = Base; path = Base.lproj/LaunchScreen.storyboard; sourceTree = "<group>"; };
		2CC5805229195178004A5358 /* Info.plist */ = {isa = PBXFileReference; lastKnownFileType = text.plist.xml; path = Info.plist; sourceTree = "<group>"; };
		2CC5805729195178004A5358 /* TodoListExample_RxSwiftTests.xctest */ = {isa = PBXFileReference; explicitFileType = wrapper.cfbundle; includeInIndex = 0; path = TodoListExample_RxSwiftTests.xctest; sourceTree = BUILT_PRODUCTS_DIR; };
		2CC5805B29195178004A5358 /* TodoListExample_RxSwiftTests.swift */ = {isa = PBXFileReference; lastKnownFileType = sourcecode.swift; path = TodoListExample_RxSwiftTests.swift; sourceTree = "<group>"; };
		2CC5806129195178004A5358 /* TodoListExample_RxSwiftUITests.xctest */ = {isa = PBXFileReference; explicitFileType = wrapper.cfbundle; includeInIndex = 0; path = TodoListExample_RxSwiftUITests.xctest; sourceTree = BUILT_PRODUCTS_DIR; };
		2CC5806529195178004A5358 /* TodoListExample_RxSwiftUITests.swift */ = {isa = PBXFileReference; lastKnownFileType = sourcecode.swift; path = TodoListExample_RxSwiftUITests.swift; sourceTree = "<group>"; };
		2CC5806729195178004A5358 /* TodoListExample_RxSwiftUITestsLaunchTests.swift */ = {isa = PBXFileReference; lastKnownFileType = sourcecode.swift; path = TodoListExample_RxSwiftUITestsLaunchTests.swift; sourceTree = "<group>"; };
		5446A085D2BF7150DC0AEA3F /* Pods-TodoListExample_RxSwift.release.xcconfig */ = {isa = PBXFileReference; includeInIndex = 1; lastKnownFileType = text.xcconfig; name = "Pods-TodoListExample_RxSwift.release.xcconfig"; path = "Target Support Files/Pods-TodoListExample_RxSwift/Pods-TodoListExample_RxSwift.release.xcconfig"; sourceTree = "<group>"; };
		B276150886B8CB6CD6D9D521 /* Pods_TodoListExample_RxSwift.framework */ = {isa = PBXFileReference; explicitFileType = wrapper.framework; includeInIndex = 0; path = Pods_TodoListExample_RxSwift.framework; sourceTree = BUILT_PRODUCTS_DIR; };
/* End PBXFileReference section */

/* Begin PBXFrameworksBuildPhase section */
		2CC5803B29195176004A5358 /* Frameworks */ = {
			isa = PBXFrameworksBuildPhase;
			buildActionMask = 2147483647;
			files = (
				69B35C8B0E552F2EE1D6B1FA /* Pods_TodoListExample_RxSwift.framework in Frameworks */,
			);
			runOnlyForDeploymentPostprocessing = 0;
		};
		2CC5805429195178004A5358 /* Frameworks */ = {
			isa = PBXFrameworksBuildPhase;
			buildActionMask = 2147483647;
			files = (
			);
			runOnlyForDeploymentPostprocessing = 0;
		};
		2CC5805E29195178004A5358 /* Frameworks */ = {
			isa = PBXFrameworksBuildPhase;
			buildActionMask = 2147483647;
			files = (
			);
			runOnlyForDeploymentPostprocessing = 0;
		};
/* End PBXFrameworksBuildPhase section */

/* Begin PBXGroup section */
		2C1D97952923D21D0054DD28 /* Model */ = {
			isa = PBXGroup;
			children = (
				2C1D97962923D2250054DD28 /* Todo.swift */,
			);
			path = Model;
			sourceTree = "<group>";
		};
		2C1D97982923D28A0054DD28 /* Manager */ = {
			isa = PBXGroup;
			children = (
				2C1D97992923D2990054DD28 /* TodoManager.swift */,
			);
			path = Manager;
			sourceTree = "<group>";
		};
		2C969F9429227298005D8564 /* Tab */ = {
			isa = PBXGroup;
			children = (
				2C969F9A292272E9005D8564 /* AppTabBarController.swift */,
				2C969F96292272A9005D8564 /* Settings */,
				2C969F952922729F005D8564 /* Tasks */,
			);
			path = Tab;
			sourceTree = "<group>";
		};
		2C969F952922729F005D8564 /* Tasks */ = {
			isa = PBXGroup;
			children = (
				2C1D97982923D28A0054DD28 /* Manager */,
				2C1D97952923D21D0054DD28 /* Model */,
				2C969FA129228040005D8564 /* ViewModel */,
				2C969F9E29227717005D8564 /* View */,
				2C969F97292272B1005D8564 /* ViewController */,
			);
			path = Tasks;
			sourceTree = "<group>";
		};
		2C969F96292272A9005D8564 /* Settings */ = {
			isa = PBXGroup;
			children = (
				2C969F9C292274CD005D8564 /* SettingViewController.swift */,
			);
			path = Settings;
			sourceTree = "<group>";
		};
		2C969F97292272B1005D8564 /* ViewController */ = {
			isa = PBXGroup;
			children = (
				2C969F98292272C4005D8564 /* TaskViewController.swift */,
			);
			path = ViewController;
			sourceTree = "<group>";
		};
		2C969F9E29227717005D8564 /* View */ = {
			isa = PBXGroup;
			children = (
				2C969F9F29227727005D8564 /* InputTextFieldView.swift */,
				2C1D978F292283B60054DD28 /* TodoCell.swift */,
				2C1D97932922913D0054DD28 /* TodoHeaderView.swift */,
			);
			path = View;
			sourceTree = "<group>";
		};
		2C969FA129228040005D8564 /* ViewModel */ = {
			isa = PBXGroup;
			children = (
				2C1D9791292283E90054DD28 /* TaskViewModel.swift */,
			);
			path = ViewModel;
			sourceTree = "<group>";
		};
		2CC5803529195176004A5358 = {
			isa = PBXGroup;
			children = (
				2CC5804029195176004A5358 /* TodoListExample_RxSwift */,
				2CC5805A29195178004A5358 /* TodoListExample_RxSwiftTests */,
				2CC5806429195178004A5358 /* TodoListExample_RxSwiftUITests */,
				2CC5803F29195176004A5358 /* Products */,
				888464905482B15B12D13BE1 /* Pods */,
				FBA523F76ACB003E85A8A285 /* Frameworks */,
			);
			sourceTree = "<group>";
		};
		2CC5803F29195176004A5358 /* Products */ = {
			isa = PBXGroup;
			children = (
				2CC5803E29195176004A5358 /* TodoListExample_RxSwift.app */,
				2CC5805729195178004A5358 /* TodoListExample_RxSwiftTests.xctest */,
				2CC5806129195178004A5358 /* TodoListExample_RxSwiftUITests.xctest */,
			);
			name = Products;
			sourceTree = "<group>";
		};
		2CC5804029195176004A5358 /* TodoListExample_RxSwift */ = {
			isa = PBXGroup;
			children = (
				2C969F9429227298005D8564 /* Tab */,
				2CC5804129195176004A5358 /* AppDelegate.swift */,
				2CC5804329195176004A5358 /* SceneDelegate.swift */,
				2CC5804D29195178004A5358 /* Assets.xcassets */,
				2CC5804F29195178004A5358 /* LaunchScreen.storyboard */,
				2CC5805229195178004A5358 /* Info.plist */,
				2CC5804A29195176004A5358 /* TodoListExample_RxSwift.xcdatamodeld */,
			);
			path = TodoListExample_RxSwift;
			sourceTree = "<group>";
		};
		2CC5805A29195178004A5358 /* TodoListExample_RxSwiftTests */ = {
			isa = PBXGroup;
			children = (
				2CC5805B29195178004A5358 /* TodoListExample_RxSwiftTests.swift */,
			);
			path = TodoListExample_RxSwiftTests;
			sourceTree = "<group>";
		};
		2CC5806429195178004A5358 /* TodoListExample_RxSwiftUITests */ = {
			isa = PBXGroup;
			children = (
				2CC5806529195178004A5358 /* TodoListExample_RxSwiftUITests.swift */,
				2CC5806729195178004A5358 /* TodoListExample_RxSwiftUITestsLaunchTests.swift */,
			);
			path = TodoListExample_RxSwiftUITests;
			sourceTree = "<group>";
		};
		888464905482B15B12D13BE1 /* Pods */ = {
			isa = PBXGroup;
			children = (
				1845A7028E5880F953096490 /* Pods-TodoListExample_RxSwift.debug.xcconfig */,
				5446A085D2BF7150DC0AEA3F /* Pods-TodoListExample_RxSwift.release.xcconfig */,
			);
			path = Pods;
			sourceTree = "<group>";
		};
		FBA523F76ACB003E85A8A285 /* Frameworks */ = {
			isa = PBXGroup;
			children = (
				B276150886B8CB6CD6D9D521 /* Pods_TodoListExample_RxSwift.framework */,
			);
			name = Frameworks;
			sourceTree = "<group>";
		};
/* End PBXGroup section */

/* Begin PBXNativeTarget section */
		2CC5803D29195176004A5358 /* TodoListExample_RxSwift */ = {
			isa = PBXNativeTarget;
			buildConfigurationList = 2CC5806B29195178004A5358 /* Build configuration list for PBXNativeTarget "TodoListExample_RxSwift" */;
			buildPhases = (
				0895BCB0EA14D080D613EB34 /* [CP] Check Pods Manifest.lock */,
				2CC5803A29195176004A5358 /* Sources */,
				2CC5803B29195176004A5358 /* Frameworks */,
				2CC5803C29195176004A5358 /* Resources */,
				90320C0E183CD66E01365AD7 /* [CP] Embed Pods Frameworks */,
			);
			buildRules = (
			);
			dependencies = (
			);
			name = TodoListExample_RxSwift;
			productName = TodoListExample_RxSwift;
			productReference = 2CC5803E29195176004A5358 /* TodoListExample_RxSwift.app */;
			productType = "com.apple.product-type.application";
		};
		2CC5805629195178004A5358 /* TodoListExample_RxSwiftTests */ = {
			isa = PBXNativeTarget;
			buildConfigurationList = 2CC5806E29195178004A5358 /* Build configuration list for PBXNativeTarget "TodoListExample_RxSwiftTests" */;
			buildPhases = (
				2CC5805329195178004A5358 /* Sources */,
				2CC5805429195178004A5358 /* Frameworks */,
				2CC5805529195178004A5358 /* Resources */,
			);
			buildRules = (
			);
			dependencies = (
				2CC5805929195178004A5358 /* PBXTargetDependency */,
			);
			name = TodoListExample_RxSwiftTests;
			productName = TodoListExample_RxSwiftTests;
			productReference = 2CC5805729195178004A5358 /* TodoListExample_RxSwiftTests.xctest */;
			productType = "com.apple.product-type.bundle.unit-test";
		};
		2CC5806029195178004A5358 /* TodoListExample_RxSwiftUITests */ = {
			isa = PBXNativeTarget;
			buildConfigurationList = 2CC5807129195178004A5358 /* Build configuration list for PBXNativeTarget "TodoListExample_RxSwiftUITests" */;
			buildPhases = (
				2CC5805D29195178004A5358 /* Sources */,
				2CC5805E29195178004A5358 /* Frameworks */,
				2CC5805F29195178004A5358 /* Resources */,
			);
			buildRules = (
			);
			dependencies = (
				2CC5806329195178004A5358 /* PBXTargetDependency */,
			);
			name = TodoListExample_RxSwiftUITests;
			productName = TodoListExample_RxSwiftUITests;
			productReference = 2CC5806129195178004A5358 /* TodoListExample_RxSwiftUITests.xctest */;
			productType = "com.apple.product-type.bundle.ui-testing";
		};
/* End PBXNativeTarget section */

/* Begin PBXProject section */
		2CC5803629195176004A5358 /* Project object */ = {
			isa = PBXProject;
			attributes = {
				BuildIndependentTargetsInParallel = 1;
				LastSwiftUpdateCheck = 1340;
				LastUpgradeCheck = 1340;
				TargetAttributes = {
					2CC5803D29195176004A5358 = {
						CreatedOnToolsVersion = 13.4.1;
					};
					2CC5805629195178004A5358 = {
						CreatedOnToolsVersion = 13.4.1;
						TestTargetID = 2CC5803D29195176004A5358;
					};
					2CC5806029195178004A5358 = {
						CreatedOnToolsVersion = 13.4.1;
						TestTargetID = 2CC5803D29195176004A5358;
					};
				};
			};
			buildConfigurationList = 2CC5803929195176004A5358 /* Build configuration list for PBXProject "TodoListExample_RxSwift" */;
			compatibilityVersion = "Xcode 13.0";
			developmentRegion = en;
			hasScannedForEncodings = 0;
			knownRegions = (
				en,
				Base,
			);
			mainGroup = 2CC5803529195176004A5358;
			productRefGroup = 2CC5803F29195176004A5358 /* Products */;
			projectDirPath = "";
			projectRoot = "";
			targets = (
				2CC5803D29195176004A5358 /* TodoListExample_RxSwift */,
				2CC5805629195178004A5358 /* TodoListExample_RxSwiftTests */,
				2CC5806029195178004A5358 /* TodoListExample_RxSwiftUITests */,
			);
		};
/* End PBXProject section */

/* Begin PBXResourcesBuildPhase section */
		2CC5803C29195176004A5358 /* Resources */ = {
			isa = PBXResourcesBuildPhase;
			buildActionMask = 2147483647;
			files = (
				2CC5805129195178004A5358 /* LaunchScreen.storyboard in Resources */,
				2CC5804E29195178004A5358 /* Assets.xcassets in Resources */,
			);
			runOnlyForDeploymentPostprocessing = 0;
		};
		2CC5805529195178004A5358 /* Resources */ = {
			isa = PBXResourcesBuildPhase;
			buildActionMask = 2147483647;
			files = (
			);
			runOnlyForDeploymentPostprocessing = 0;
		};
		2CC5805F29195178004A5358 /* Resources */ = {
			isa = PBXResourcesBuildPhase;
			buildActionMask = 2147483647;
			files = (
			);
			runOnlyForDeploymentPostprocessing = 0;
		};
/* End PBXResourcesBuildPhase section */

/* Begin PBXShellScriptBuildPhase section */
		0895BCB0EA14D080D613EB34 /* [CP] Check Pods Manifest.lock */ = {
			isa = PBXShellScriptBuildPhase;
			buildActionMask = 2147483647;
			files = (
			);
			inputFileListPaths = (
			);
			inputPaths = (
				"${PODS_PODFILE_DIR_PATH}/Podfile.lock",
				"${PODS_ROOT}/Manifest.lock",
			);
			name = "[CP] Check Pods Manifest.lock";
			outputFileListPaths = (
			);
			outputPaths = (
				"$(DERIVED_FILE_DIR)/Pods-TodoListExample_RxSwift-checkManifestLockResult.txt",
			);
			runOnlyForDeploymentPostprocessing = 0;
			shellPath = /bin/sh;
			shellScript = "diff \"${PODS_PODFILE_DIR_PATH}/Podfile.lock\" \"${PODS_ROOT}/Manifest.lock\" > /dev/null\nif [ $? != 0 ] ; then\n    # print error to STDERR\n    echo \"error: The sandbox is not in sync with the Podfile.lock. Run 'pod install' or update your CocoaPods installation.\" >&2\n    exit 1\nfi\n# This output is used by Xcode 'outputs' to avoid re-running this script phase.\necho \"SUCCESS\" > \"${SCRIPT_OUTPUT_FILE_0}\"\n";
			showEnvVarsInLog = 0;
		};
		90320C0E183CD66E01365AD7 /* [CP] Embed Pods Frameworks */ = {
			isa = PBXShellScriptBuildPhase;
			buildActionMask = 2147483647;
			files = (
			);
			inputFileListPaths = (
				"${PODS_ROOT}/Target Support Files/Pods-TodoListExample_RxSwift/Pods-TodoListExample_RxSwift-frameworks-${CONFIGURATION}-input-files.xcfilelist",
			);
			name = "[CP] Embed Pods Frameworks";
			outputFileListPaths = (
				"${PODS_ROOT}/Target Support Files/Pods-TodoListExample_RxSwift/Pods-TodoListExample_RxSwift-frameworks-${CONFIGURATION}-output-files.xcfilelist",
			);
			runOnlyForDeploymentPostprocessing = 0;
			shellPath = /bin/sh;
			shellScript = "\"${PODS_ROOT}/Target Support Files/Pods-TodoListExample_RxSwift/Pods-TodoListExample_RxSwift-frameworks.sh\"\n";
			showEnvVarsInLog = 0;
		};
/* End PBXShellScriptBuildPhase section */

/* Begin PBXSourcesBuildPhase section */
		2CC5803A29195176004A5358 /* Sources */ = {
			isa = PBXSourcesBuildPhase;
			buildActionMask = 2147483647;
			files = (
				2C1D97972923D2250054DD28 /* Todo.swift in Sources */,
				2C1D979A2923D29A0054DD28 /* TodoManager.swift in Sources */,
				2C969FA029227727005D8564 /* InputTextFieldView.swift in Sources */,
				2CC5804C29195176004A5358 /* TodoListExample_RxSwift.xcdatamodeld in Sources */,
				2C969F99292272C4005D8564 /* TaskViewController.swift in Sources */,
				2C969F9B292272E9005D8564 /* AppTabBarController.swift in Sources */,
				2C1D97942922913D0054DD28 /* TodoHeaderView.swift in Sources */,
				2CC5804229195176004A5358 /* AppDelegate.swift in Sources */,
				2CC5804429195176004A5358 /* SceneDelegate.swift in Sources */,
				2C969F9D292274CD005D8564 /* SettingViewController.swift in Sources */,
				2C1D9792292283E90054DD28 /* TaskViewModel.swift in Sources */,
				2C1D9790292283B60054DD28 /* TodoCell.swift in Sources */,
			);
			runOnlyForDeploymentPostprocessing = 0;
		};
		2CC5805329195178004A5358 /* Sources */ = {
			isa = PBXSourcesBuildPhase;
			buildActionMask = 2147483647;
			files = (
				2CC5805C29195178004A5358 /* TodoListExample_RxSwiftTests.swift in Sources */,
			);
			runOnlyForDeploymentPostprocessing = 0;
		};
		2CC5805D29195178004A5358 /* Sources */ = {
			isa = PBXSourcesBuildPhase;
			buildActionMask = 2147483647;
			files = (
				2CC5806629195178004A5358 /* TodoListExample_RxSwiftUITests.swift in Sources */,
				2CC5806829195178004A5358 /* TodoListExample_RxSwiftUITestsLaunchTests.swift in Sources */,
			);
			runOnlyForDeploymentPostprocessing = 0;
		};
/* End PBXSourcesBuildPhase section */

/* Begin PBXTargetDependency section */
		2CC5805929195178004A5358 /* PBXTargetDependency */ = {
			isa = PBXTargetDependency;
			target = 2CC5803D29195176004A5358 /* TodoListExample_RxSwift */;
			targetProxy = 2CC5805829195178004A5358 /* PBXContainerItemProxy */;
		};
		2CC5806329195178004A5358 /* PBXTargetDependency */ = {
			isa = PBXTargetDependency;
			target = 2CC5803D29195176004A5358 /* TodoListExample_RxSwift */;
			targetProxy = 2CC5806229195178004A5358 /* PBXContainerItemProxy */;
		};
/* End PBXTargetDependency section */

/* Begin PBXVariantGroup section */
		2CC5804F29195178004A5358 /* LaunchScreen.storyboard */ = {
			isa = PBXVariantGroup;
			children = (
				2CC5805029195178004A5358 /* Base */,
			);
			name = LaunchScreen.storyboard;
			sourceTree = "<group>";
		};
/* End PBXVariantGroup section */

/* Begin XCBuildConfiguration section */
		2CC5806929195178004A5358 /* Debug */ = {
			isa = XCBuildConfiguration;
			buildSettings = {
				ALWAYS_SEARCH_USER_PATHS = NO;
				CLANG_ANALYZER_NONNULL = YES;
				CLANG_ANALYZER_NUMBER_OBJECT_CONVERSION = YES_AGGRESSIVE;
				CLANG_CXX_LANGUAGE_STANDARD = "gnu++17";
				CLANG_ENABLE_MODULES = YES;
				CLANG_ENABLE_OBJC_ARC = YES;
				CLANG_ENABLE_OBJC_WEAK = YES;
				CLANG_WARN_BLOCK_CAPTURE_AUTORELEASING = YES;
				CLANG_WARN_BOOL_CONVERSION = YES;
				CLANG_WARN_COMMA = YES;
				CLANG_WARN_CONSTANT_CONVERSION = YES;
				CLANG_WARN_DEPRECATED_OBJC_IMPLEMENTATIONS = YES;
				CLANG_WARN_DIRECT_OBJC_ISA_USAGE = YES_ERROR;
				CLANG_WARN_DOCUMENTATION_COMMENTS = YES;
				CLANG_WARN_EMPTY_BODY = YES;
				CLANG_WARN_ENUM_CONVERSION = YES;
				CLANG_WARN_INFINITE_RECURSION = YES;
				CLANG_WARN_INT_CONVERSION = YES;
				CLANG_WARN_NON_LITERAL_NULL_CONVERSION = YES;
				CLANG_WARN_OBJC_IMPLICIT_RETAIN_SELF = YES;
				CLANG_WARN_OBJC_LITERAL_CONVERSION = YES;
				CLANG_WARN_OBJC_ROOT_CLASS = YES_ERROR;
				CLANG_WARN_QUOTED_INCLUDE_IN_FRAMEWORK_HEADER = YES;
				CLANG_WARN_RANGE_LOOP_ANALYSIS = YES;
				CLANG_WARN_STRICT_PROTOTYPES = YES;
				CLANG_WARN_SUSPICIOUS_MOVE = YES;
				CLANG_WARN_UNGUARDED_AVAILABILITY = YES_AGGRESSIVE;
				CLANG_WARN_UNREACHABLE_CODE = YES;
				CLANG_WARN__DUPLICATE_METHOD_MATCH = YES;
				COPY_PHASE_STRIP = NO;
				DEBUG_INFORMATION_FORMAT = dwarf;
				ENABLE_STRICT_OBJC_MSGSEND = YES;
				ENABLE_TESTABILITY = YES;
				GCC_C_LANGUAGE_STANDARD = gnu11;
				GCC_DYNAMIC_NO_PIC = NO;
				GCC_NO_COMMON_BLOCKS = YES;
				GCC_OPTIMIZATION_LEVEL = 0;
				GCC_PREPROCESSOR_DEFINITIONS = (
					"DEBUG=1",
					"$(inherited)",
				);
				GCC_WARN_64_TO_32_BIT_CONVERSION = YES;
				GCC_WARN_ABOUT_RETURN_TYPE = YES_ERROR;
				GCC_WARN_UNDECLARED_SELECTOR = YES;
				GCC_WARN_UNINITIALIZED_AUTOS = YES_AGGRESSIVE;
				GCC_WARN_UNUSED_FUNCTION = YES;
				GCC_WARN_UNUSED_VARIABLE = YES;
				IPHONEOS_DEPLOYMENT_TARGET = 15.5;
				MTL_ENABLE_DEBUG_INFO = INCLUDE_SOURCE;
				MTL_FAST_MATH = YES;
				ONLY_ACTIVE_ARCH = YES;
				SDKROOT = iphoneos;
				SWIFT_ACTIVE_COMPILATION_CONDITIONS = DEBUG;
				SWIFT_OPTIMIZATION_LEVEL = "-Onone";
			};
			name = Debug;
		};
		2CC5806A29195178004A5358 /* Release */ = {
			isa = XCBuildConfiguration;
			buildSettings = {
				ALWAYS_SEARCH_USER_PATHS = NO;
				CLANG_ANALYZER_NONNULL = YES;
				CLANG_ANALYZER_NUMBER_OBJECT_CONVERSION = YES_AGGRESSIVE;
				CLANG_CXX_LANGUAGE_STANDARD = "gnu++17";
				CLANG_ENABLE_MODULES = YES;
				CLANG_ENABLE_OBJC_ARC = YES;
				CLANG_ENABLE_OBJC_WEAK = YES;
				CLANG_WARN_BLOCK_CAPTURE_AUTORELEASING = YES;
				CLANG_WARN_BOOL_CONVERSION = YES;
				CLANG_WARN_COMMA = YES;
				CLANG_WARN_CONSTANT_CONVERSION = YES;
				CLANG_WARN_DEPRECATED_OBJC_IMPLEMENTATIONS = YES;
				CLANG_WARN_DIRECT_OBJC_ISA_USAGE = YES_ERROR;
				CLANG_WARN_DOCUMENTATION_COMMENTS = YES;
				CLANG_WARN_EMPTY_BODY = YES;
				CLANG_WARN_ENUM_CONVERSION = YES;
				CLANG_WARN_INFINITE_RECURSION = YES;
				CLANG_WARN_INT_CONVERSION = YES;
				CLANG_WARN_NON_LITERAL_NULL_CONVERSION = YES;
				CLANG_WARN_OBJC_IMPLICIT_RETAIN_SELF = YES;
				CLANG_WARN_OBJC_LITERAL_CONVERSION = YES;
				CLANG_WARN_OBJC_ROOT_CLASS = YES_ERROR;
				CLANG_WARN_QUOTED_INCLUDE_IN_FRAMEWORK_HEADER = YES;
				CLANG_WARN_RANGE_LOOP_ANALYSIS = YES;
				CLANG_WARN_STRICT_PROTOTYPES = YES;
				CLANG_WARN_SUSPICIOUS_MOVE = YES;
				CLANG_WARN_UNGUARDED_AVAILABILITY = YES_AGGRESSIVE;
				CLANG_WARN_UNREACHABLE_CODE = YES;
				CLANG_WARN__DUPLICATE_METHOD_MATCH = YES;
				COPY_PHASE_STRIP = NO;
				DEBUG_INFORMATION_FORMAT = "dwarf-with-dsym";
				ENABLE_NS_ASSERTIONS = NO;
				ENABLE_STRICT_OBJC_MSGSEND = YES;
				GCC_C_LANGUAGE_STANDARD = gnu11;
				GCC_NO_COMMON_BLOCKS = YES;
				GCC_WARN_64_TO_32_BIT_CONVERSION = YES;
				GCC_WARN_ABOUT_RETURN_TYPE = YES_ERROR;
				GCC_WARN_UNDECLARED_SELECTOR = YES;
				GCC_WARN_UNINITIALIZED_AUTOS = YES_AGGRESSIVE;
				GCC_WARN_UNUSED_FUNCTION = YES;
				GCC_WARN_UNUSED_VARIABLE = YES;
				IPHONEOS_DEPLOYMENT_TARGET = 15.5;
				MTL_ENABLE_DEBUG_INFO = NO;
				MTL_FAST_MATH = YES;
				SDKROOT = iphoneos;
				SWIFT_COMPILATION_MODE = wholemodule;
				SWIFT_OPTIMIZATION_LEVEL = "-O";
				VALIDATE_PRODUCT = YES;
			};
			name = Release;
		};
		2CC5806C29195178004A5358 /* Debug */ = {
			isa = XCBuildConfiguration;
			baseConfigurationReference = 1845A7028E5880F953096490 /* Pods-TodoListExample_RxSwift.debug.xcconfig */;
			buildSettings = {
				ASSETCATALOG_COMPILER_APPICON_NAME = AppIcon;
				ASSETCATALOG_COMPILER_GLOBAL_ACCENT_COLOR_NAME = AccentColor;
				CODE_SIGN_STYLE = Automatic;
				CURRENT_PROJECT_VERSION = 1;
				DEVELOPMENT_TEAM = 899UYL8QU3;
				GENERATE_INFOPLIST_FILE = YES;
				INFOPLIST_FILE = TodoListExample_RxSwift/Info.plist;
				INFOPLIST_KEY_UIApplicationSupportsIndirectInputEvents = YES;
				INFOPLIST_KEY_UILaunchStoryboardName = LaunchScreen;
				INFOPLIST_KEY_UISupportedInterfaceOrientations_iPad = "UIInterfaceOrientationPortrait UIInterfaceOrientationPortraitUpsideDown UIInterfaceOrientationLandscapeLeft UIInterfaceOrientationLandscapeRight";
				INFOPLIST_KEY_UISupportedInterfaceOrientations_iPhone = "UIInterfaceOrientationPortrait UIInterfaceOrientationLandscapeLeft UIInterfaceOrientationLandscapeRight";
				LD_RUNPATH_SEARCH_PATHS = (
					"$(inherited)",
					"@executable_path/Frameworks",
				);
				MARKETING_VERSION = 1.0;
				PRODUCT_BUNDLE_IDENTIFIER = "com.hyungyu.TodoListExample-RxSwift";
				PRODUCT_NAME = "$(TARGET_NAME)";
				SWIFT_EMIT_LOC_STRINGS = YES;
				SWIFT_VERSION = 5.0;
				TARGETED_DEVICE_FAMILY = "1,2";
			};
			name = Debug;
		};
		2CC5806D29195178004A5358 /* Release */ = {
			isa = XCBuildConfiguration;
			baseConfigurationReference = 5446A085D2BF7150DC0AEA3F /* Pods-TodoListExample_RxSwift.release.xcconfig */;
			buildSettings = {
				ASSETCATALOG_COMPILER_APPICON_NAME = AppIcon;
				ASSETCATALOG_COMPILER_GLOBAL_ACCENT_COLOR_NAME = AccentColor;
				CODE_SIGN_STYLE = Automatic;
				CURRENT_PROJECT_VERSION = 1;
				DEVELOPMENT_TEAM = 899UYL8QU3;
				GENERATE_INFOPLIST_FILE = YES;
				INFOPLIST_FILE = TodoListExample_RxSwift/Info.plist;
				INFOPLIST_KEY_UIApplicationSupportsIndirectInputEvents = YES;
				INFOPLIST_KEY_UILaunchStoryboardName = LaunchScreen;
				INFOPLIST_KEY_UISupportedInterfaceOrientations_iPad = "UIInterfaceOrientationPortrait UIInterfaceOrientationPortraitUpsideDown UIInterfaceOrientationLandscapeLeft UIInterfaceOrientationLandscapeRight";
				INFOPLIST_KEY_UISupportedInterfaceOrientations_iPhone = "UIInterfaceOrientationPortrait UIInterfaceOrientationLandscapeLeft UIInterfaceOrientationLandscapeRight";
				LD_RUNPATH_SEARCH_PATHS = (
					"$(inherited)",
					"@executable_path/Frameworks",
				);
				MARKETING_VERSION = 1.0;
				PRODUCT_BUNDLE_IDENTIFIER = "com.hyungyu.TodoListExample-RxSwift";
				PRODUCT_NAME = "$(TARGET_NAME)";
				SWIFT_EMIT_LOC_STRINGS = YES;
				SWIFT_VERSION = 5.0;
				TARGETED_DEVICE_FAMILY = "1,2";
			};
			name = Release;
		};
		2CC5806F29195178004A5358 /* Debug */ = {
			isa = XCBuildConfiguration;
			buildSettings = {
				ALWAYS_EMBED_SWIFT_STANDARD_LIBRARIES = YES;
				BUNDLE_LOADER = "$(TEST_HOST)";
				CODE_SIGN_STYLE = Automatic;
				CURRENT_PROJECT_VERSION = 1;
				GENERATE_INFOPLIST_FILE = YES;
				IPHONEOS_DEPLOYMENT_TARGET = 15.5;
				MARKETING_VERSION = 1.0;
				PRODUCT_BUNDLE_IDENTIFIER = "com.hyungyu.TodoListExample-RxSwiftTests";
				PRODUCT_NAME = "$(TARGET_NAME)";
				SWIFT_EMIT_LOC_STRINGS = NO;
				SWIFT_VERSION = 5.0;
				TARGETED_DEVICE_FAMILY = "1,2";
				TEST_HOST = "$(BUILT_PRODUCTS_DIR)/TodoListExample_RxSwift.app/TodoListExample_RxSwift";
			};
			name = Debug;
		};
		2CC5807029195178004A5358 /* Release */ = {
			isa = XCBuildConfiguration;
			buildSettings = {
				ALWAYS_EMBED_SWIFT_STANDARD_LIBRARIES = YES;
				BUNDLE_LOADER = "$(TEST_HOST)";
				CODE_SIGN_STYLE = Automatic;
				CURRENT_PROJECT_VERSION = 1;
				GENERATE_INFOPLIST_FILE = YES;
				IPHONEOS_DEPLOYMENT_TARGET = 15.5;
				MARKETING_VERSION = 1.0;
				PRODUCT_BUNDLE_IDENTIFIER = "com.hyungyu.TodoListExample-RxSwiftTests";
				PRODUCT_NAME = "$(TARGET_NAME)";
				SWIFT_EMIT_LOC_STRINGS = NO;
				SWIFT_VERSION = 5.0;
				TARGETED_DEVICE_FAMILY = "1,2";
				TEST_HOST = "$(BUILT_PRODUCTS_DIR)/TodoListExample_RxSwift.app/TodoListExample_RxSwift";
			};
			name = Release;
		};
		2CC5807229195178004A5358 /* Debug */ = {
			isa = XCBuildConfiguration;
			buildSettings = {
				ALWAYS_EMBED_SWIFT_STANDARD_LIBRARIES = YES;
				CODE_SIGN_STYLE = Automatic;
				CURRENT_PROJECT_VERSION = 1;
				GENERATE_INFOPLIST_FILE = YES;
				MARKETING_VERSION = 1.0;
				PRODUCT_BUNDLE_IDENTIFIER = "com.hyungyu.TodoListExample-RxSwiftUITests";
				PRODUCT_NAME = "$(TARGET_NAME)";
				SWIFT_EMIT_LOC_STRINGS = NO;
				SWIFT_VERSION = 5.0;
				TARGETED_DEVICE_FAMILY = "1,2";
				TEST_TARGET_NAME = TodoListExample_RxSwift;
			};
			name = Debug;
		};
		2CC5807329195178004A5358 /* Release */ = {
			isa = XCBuildConfiguration;
			buildSettings = {
				ALWAYS_EMBED_SWIFT_STANDARD_LIBRARIES = YES;
				CODE_SIGN_STYLE = Automatic;
				CURRENT_PROJECT_VERSION = 1;
				GENERATE_INFOPLIST_FILE = YES;
				MARKETING_VERSION = 1.0;
				PRODUCT_BUNDLE_IDENTIFIER = "com.hyungyu.TodoListExample-RxSwiftUITests";
				PRODUCT_NAME = "$(TARGET_NAME)";
				SWIFT_EMIT_LOC_STRINGS = NO;
				SWIFT_VERSION = 5.0;
				TARGETED_DEVICE_FAMILY = "1,2";
				TEST_TARGET_NAME = TodoListExample_RxSwift;
			};
			name = Release;
		};
/* End XCBuildConfiguration section */

/* Begin XCConfigurationList section */
		2CC5803929195176004A5358 /* Build configuration list for PBXProject "TodoListExample_RxSwift" */ = {
			isa = XCConfigurationList;
			buildConfigurations = (
				2CC5806929195178004A5358 /* Debug */,
				2CC5806A29195178004A5358 /* Release */,
			);
			defaultConfigurationIsVisible = 0;
			defaultConfigurationName = Release;
		};
		2CC5806B29195178004A5358 /* Build configuration list for PBXNativeTarget "TodoListExample_RxSwift" */ = {
			isa = XCConfigurationList;
			buildConfigurations = (
				2CC5806C29195178004A5358 /* Debug */,
				2CC5806D29195178004A5358 /* Release */,
			);
			defaultConfigurationIsVisible = 0;
			defaultConfigurationName = Release;
		};
		2CC5806E29195178004A5358 /* Build configuration list for PBXNativeTarget "TodoListExample_RxSwiftTests" */ = {
			isa = XCConfigurationList;
			buildConfigurations = (
				2CC5806F29195178004A5358 /* Debug */,
				2CC5807029195178004A5358 /* Release */,
			);
			defaultConfigurationIsVisible = 0;
			defaultConfigurationName = Release;
		};
		2CC5807129195178004A5358 /* Build configuration list for PBXNativeTarget "TodoListExample_RxSwiftUITests" */ = {
			isa = XCConfigurationList;
			buildConfigurations = (
				2CC5807229195178004A5358 /* Debug */,
				2CC5807329195178004A5358 /* Release */,
			);
			defaultConfigurationIsVisible = 0;
			defaultConfigurationName = Release;
		};
/* End XCConfigurationList section */

/* Begin XCVersionGroup section */
		2CC5804A29195176004A5358 /* TodoListExample_RxSwift.xcdatamodeld */ = {
			isa = XCVersionGroup;
			children = (
				2CC5804B29195176004A5358 /* TodoListExample_RxSwift.xcdatamodel */,
			);
			currentVersion = 2CC5804B29195176004A5358 /* TodoListExample_RxSwift.xcdatamodel */;
			path = TodoListExample_RxSwift.xcdatamodeld;
			sourceTree = "<group>";
			versionGroupType = wrapper.xcdatamodel;
		};
/* End XCVersionGroup section */
	};
	rootObject = 2CC5803629195176004A5358 /* Project object */;
}
